
Microsoft Visual Studio Solution File, Format Version 12.00
# Visual Studio Version 16
VisualStudioVersion = 16.0.30114.105
MinimumVisualStudioVersion = 10.0.40219.1
Project("{2150E333-8FDC-42A3-9474-1A3956D46DE8}") = "src", "src", "{A6902325-52BE-4FA9-A2B1-8EFB0F3B7712}"
EndProject
Project("{FAE04EC0-301F-11D3-BF4B-00C04F79EFBC}") = "BubbleSpaceApi.Domain", "src\BubbleSpaceApi.Domain\BubbleSpaceApi.Domain.csproj", "{97996E44-EDD3-4A43-98B3-51390417162B}"
EndProject
Project("{FAE04EC0-301F-11D3-BF4B-00C04F79EFBC}") = "BubbleSpaceApi.Infra", "src\BubbleSpaceApi.Infra\BubbleSpaceApi.Infra.csproj", "{F36CB84A-39F4-487D-A4D4-6C45E1A0780B}"
EndProject
Project("{FAE04EC0-301F-11D3-BF4B-00C04F79EFBC}") = "BubbleSpaceApi.Application", "src\BubbleSpaceApi.Application\BubbleSpaceApi.Application.csproj", "{C1D47CD1-14C8-4F3F-A13C-03CA2FBF6982}"
EndProject
Project("{FAE04EC0-301F-11D3-BF4B-00C04F79EFBC}") = "BubbleSpaceApi.Api", "src\BubbleSpaceApi.Api\BubbleSpaceApi.Api.csproj", "{9AE74833-3534-41FD-A350-5FCB85CDDD14}"
EndProject
Project("{2150E333-8FDC-42A3-9474-1A3956D46DE8}") = "tests", "tests", "{316B3C56-E177-4593-A9EF-A18415FE4C44}"
EndProject
Project("{FAE04EC0-301F-11D3-BF4B-00C04F79EFBC}") = "BubbleSpaceApi.DomainTests", "tests\BubbleSpaceApi.DomainTests\BubbleSpaceApi.DomainTests.csproj", "{37BED5E9-F86B-4E7B-9286-B2008099A5AD}"
EndProject
Project("{FAE04EC0-301F-11D3-BF4B-00C04F79EFBC}") = "BubbleSpaceApi.ApplicationTests", "tests\BubbleSpaceApi.ApplicationTests\BubbleSpaceApi.ApplicationTests.csproj", "{F9219388-E768-455C-923A-E12C58D03F11}"
EndProject
Project("{FAE04EC0-301F-11D3-BF4B-00C04F79EFBC}") = "BubbleSpaceApi.ApiTests", "tests\BubbleSpaceApi.ApiTests\BubbleSpaceApi.ApiTests.csproj", "{5B6E57F6-8EA3-4F58-BA80-AE79F529F102}"
EndProject
Project("{FAE04EC0-301F-11D3-BF4B-00C04F79EFBC}") = "BubbleSpaceApi.Core", "src\BubbleSpaceApi.Core\BubbleSpaceApi.Core.csproj", "{F72205ED-44F2-434D-BE5F-C375401CF739}"
EndProject
Global
	GlobalSection(SolutionConfigurationPlatforms) = preSolution
		Debug|Any CPU = Debug|Any CPU
		Release|Any CPU = Release|Any CPU
	EndGlobalSection
	GlobalSection(SolutionProperties) = preSolution
		HideSolutionNode = FALSE
	EndGlobalSection
	GlobalSection(ProjectConfigurationPlatforms) = postSolution
		{97996E44-EDD3-4A43-98B3-51390417162B}.Debug|Any CPU.ActiveCfg = Debug|Any CPU
		{97996E44-EDD3-4A43-98B3-51390417162B}.Debug|Any CPU.Build.0 = Debug|Any CPU
		{97996E44-EDD3-4A43-98B3-51390417162B}.Release|Any CPU.ActiveCfg = Release|Any CPU
		{97996E44-EDD3-4A43-98B3-51390417162B}.Release|Any CPU.Build.0 = Release|Any CPU
		{F36CB84A-39F4-487D-A4D4-6C45E1A0780B}.Debug|Any CPU.ActiveCfg = Debug|Any CPU
		{F36CB84A-39F4-487D-A4D4-6C45E1A0780B}.Debug|Any CPU.Build.0 = Debug|Any CPU
		{F36CB84A-39F4-487D-A4D4-6C45E1A0780B}.Release|Any CPU.ActiveCfg = Release|Any CPU
		{F36CB84A-39F4-487D-A4D4-6C45E1A0780B}.Release|Any CPU.Build.0 = Release|Any CPU
		{C1D47CD1-14C8-4F3F-A13C-03CA2FBF6982}.Debug|Any CPU.ActiveCfg = Debug|Any CPU
		{C1D47CD1-14C8-4F3F-A13C-03CA2FBF6982}.Debug|Any CPU.Build.0 = Debug|Any CPU
		{C1D47CD1-14C8-4F3F-A13C-03CA2FBF6982}.Release|Any CPU.ActiveCfg = Release|Any CPU
		{C1D47CD1-14C8-4F3F-A13C-03CA2FBF6982}.Release|Any CPU.Build.0 = Release|Any CPU
		{9AE74833-3534-41FD-A350-5FCB85CDDD14}.Debug|Any CPU.ActiveCfg = Debug|Any CPU
		{9AE74833-3534-41FD-A350-5FCB85CDDD14}.Debug|Any CPU.Build.0 = Debug|Any CPU
		{9AE74833-3534-41FD-A350-5FCB85CDDD14}.Release|Any CPU.ActiveCfg = Release|Any CPU
		{9AE74833-3534-41FD-A350-5FCB85CDDD14}.Release|Any CPU.Build.0 = Release|Any CPU
		{37BED5E9-F86B-4E7B-9286-B2008099A5AD}.Debug|Any CPU.ActiveCfg = Debug|Any CPU
		{37BED5E9-F86B-4E7B-9286-B2008099A5AD}.Debug|Any CPU.Build.0 = Debug|Any CPU
		{37BED5E9-F86B-4E7B-9286-B2008099A5AD}.Release|Any CPU.ActiveCfg = Release|Any CPU
		{37BED5E9-F86B-4E7B-9286-B2008099A5AD}.Release|Any CPU.Build.0 = Release|Any CPU
		{F9219388-E768-455C-923A-E12C58D03F11}.Debug|Any CPU.ActiveCfg = Debug|Any CPU
		{F9219388-E768-455C-923A-E12C58D03F11}.Debug|Any CPU.Build.0 = Debug|Any CPU
		{F9219388-E768-455C-923A-E12C58D03F11}.Release|Any CPU.ActiveCfg = Release|Any CPU
		{F9219388-E768-455C-923A-E12C58D03F11}.Release|Any CPU.Build.0 = Release|Any CPU
		{5B6E57F6-8EA3-4F58-BA80-AE79F529F102}.Debug|Any CPU.ActiveCfg = Debug|Any CPU
		{5B6E57F6-8EA3-4F58-BA80-AE79F529F102}.Debug|Any CPU.Build.0 = Debug|Any CPU
		{5B6E57F6-8EA3-4F58-BA80-AE79F529F102}.Release|Any CPU.ActiveCfg = Release|Any CPU
		{5B6E57F6-8EA3-4F58-BA80-AE79F529F102}.Release|Any CPU.Build.0 = Release|Any CPU
		{F72205ED-44F2-434D-BE5F-C375401CF739}.Debug|Any CPU.ActiveCfg = Debug|Any CPU
		{F72205ED-44F2-434D-BE5F-C375401CF739}.Debug|Any CPU.Build.0 = Debug|Any CPU
		{F72205ED-44F2-434D-BE5F-C375401CF739}.Release|Any CPU.ActiveCfg = Release|Any CPU
		{F72205ED-44F2-434D-BE5F-C375401CF739}.Release|Any CPU.Build.0 = Release|Any CPU
	EndGlobalSection
	GlobalSection(NestedProjects) = preSolution
		{97996E44-EDD3-4A43-98B3-51390417162B} = {A6902325-52BE-4FA9-A2B1-8EFB0F3B7712}
		{F36CB84A-39F4-487D-A4D4-6C45E1A0780B} = {A6902325-52BE-4FA9-A2B1-8EFB0F3B7712}
		{C1D47CD1-14C8-4F3F-A13C-03CA2FBF6982} = {A6902325-52BE-4FA9-A2B1-8EFB0F3B7712}
		{9AE74833-3534-41FD-A350-5FCB85CDDD14} = {A6902325-52BE-4FA9-A2B1-8EFB0F3B7712}
		{37BED5E9-F86B-4E7B-9286-B2008099A5AD} = {316B3C56-E177-4593-A9EF-A18415FE4C44}
		{F9219388-E768-455C-923A-E12C58D03F11} = {316B3C56-E177-4593-A9EF-A18415FE4C44}
		{5B6E57F6-8EA3-4F58-BA80-AE79F529F102} = {316B3C56-E177-4593-A9EF-A18415FE4C44}
		{F72205ED-44F2-434D-BE5F-C375401CF739} = {A6902325-52BE-4FA9-A2B1-8EFB0F3B7712}
	EndGlobalSection
EndGlobal
